
Microsoft Visual Studio Solution File, Format Version 12.00
# Visual Studio Version 16
VisualStudioVersion = 16.0.29613.14
MinimumVisualStudioVersion = 10.0.40219.1
Project("{FAE04EC0-301F-11D3-BF4B-00C04F79EFBC}") = "collectionsnongeniric", "collectionsnongeniric.csproj", "{BADD2842-85D1-4B22-8AF8-1711418E5D07}"
EndProject
Global
	GlobalSection(SolutionConfigurationPlatforms) = preSolution
		Debug|Any CPU = Debug|Any CPU
		Release|Any CPU = Release|Any CPU
	EndGlobalSection
	GlobalSection(ProjectConfigurationPlatforms) = postSolution
		{BADD2842-85D1-4B22-8AF8-1711418E5D07}.Debug|Any CPU.ActiveCfg = Debug|Any CPU
		{BADD2842-85D1-4B22-8AF8-1711418E5D07}.Debug|Any CPU.Build.0 = Debug|Any CPU
		{BADD2842-85D1-4B22-8AF8-1711418E5D07}.Release|Any CPU.ActiveCfg = Release|Any CPU
		{BADD2842-85D1-4B22-8AF8-1711418E5D07}.Release|Any CPU.Build.0 = Release|Any CPU
	EndGlobalSection
	GlobalSection(SolutionProperties) = preSolution
		HideSolutionNode = FALSE
	EndGlobalSection
	GlobalSection(ExtensibilityGlobals) = postSolution
		SolutionGuid = {1DB6E316-E87F-4C7D-AEC7-A90B7030B25A}
	EndGlobalSection
EndGlobal
