
Microsoft Visual Studio Solution File, Format Version 12.00
# Visual Studio Version 16
VisualStudioVersion = 16.0.29613.14
MinimumVisualStudioVersion = 10.0.40219.1
Project("{FAE04EC0-301F-11D3-BF4B-00C04F79EFBC}") = "jaggedarray", "jaggedarray.csproj", "{47758848-28AE-4E48-BA8E-D14C01228270}"
EndProject
Global
	GlobalSection(SolutionConfigurationPlatforms) = preSolution
		Debug|Any CPU = Debug|Any CPU
		Release|Any CPU = Release|Any CPU
	EndGlobalSection
	GlobalSection(ProjectConfigurationPlatforms) = postSolution
		{47758848-28AE-4E48-BA8E-D14C01228270}.Debug|Any CPU.ActiveCfg = Debug|Any CPU
		{47758848-28AE-4E48-BA8E-D14C01228270}.Debug|Any CPU.Build.0 = Debug|Any CPU
		{47758848-28AE-4E48-BA8E-D14C01228270}.Release|Any CPU.ActiveCfg = Release|Any CPU
		{47758848-28AE-4E48-BA8E-D14C01228270}.Release|Any CPU.Build.0 = Release|Any CPU
	EndGlobalSection
	GlobalSection(SolutionProperties) = preSolution
		HideSolutionNode = FALSE
	EndGlobalSection
	GlobalSection(ExtensibilityGlobals) = postSolution
		SolutionGuid = {22261EB2-5B85-4D96-9015-4F6FFE15A994}
	EndGlobalSection
EndGlobal
