
Microsoft Visual Studio Solution File, Format Version 12.00
# Visual Studio Version 16
VisualStudioVersion = 16.0.29613.14
MinimumVisualStudioVersion = 10.0.40219.1
Project("{FAE04EC0-301F-11D3-BF4B-00C04F79EFBC}") = "banktransactions", "banktransactions.csproj", "{E60D9C96-9763-42CB-A411-807F220B7D8B}"
EndProject
Global
	GlobalSection(SolutionConfigurationPlatforms) = preSolution
		Debug|Any CPU = Debug|Any CPU
		Release|Any CPU = Release|Any CPU
	EndGlobalSection
	GlobalSection(ProjectConfigurationPlatforms) = postSolution
		{E60D9C96-9763-42CB-A411-807F220B7D8B}.Debug|Any CPU.ActiveCfg = Debug|Any CPU
		{E60D9C96-9763-42CB-A411-807F220B7D8B}.Debug|Any CPU.Build.0 = Debug|Any CPU
		{E60D9C96-9763-42CB-A411-807F220B7D8B}.Release|Any CPU.ActiveCfg = Release|Any CPU
		{E60D9C96-9763-42CB-A411-807F220B7D8B}.Release|Any CPU.Build.0 = Release|Any CPU
	EndGlobalSection
	GlobalSection(SolutionProperties) = preSolution
		HideSolutionNode = FALSE
	EndGlobalSection
	GlobalSection(ExtensibilityGlobals) = postSolution
		SolutionGuid = {7BA9F7D2-0C3E-431E-A3CB-9CD44DEEABAF}
	EndGlobalSection
EndGlobal
