
Microsoft Visual Studio Solution File, Format Version 12.00
# Visual Studio Version 16
VisualStudioVersion = 16.0.29613.14
MinimumVisualStudioVersion = 10.0.40219.1
Project("{FAE04EC0-301F-11D3-BF4B-00C04F79EFBC}") = "method", "method.csproj", "{8183452C-4AE8-4684-8985-98A1BFDCCFEC}"
EndProject
Global
	GlobalSection(SolutionConfigurationPlatforms) = preSolution
		Debug|Any CPU = Debug|Any CPU
		Release|Any CPU = Release|Any CPU
	EndGlobalSection
	GlobalSection(ProjectConfigurationPlatforms) = postSolution
		{8183452C-4AE8-4684-8985-98A1BFDCCFEC}.Debug|Any CPU.ActiveCfg = Debug|Any CPU
		{8183452C-4AE8-4684-8985-98A1BFDCCFEC}.Debug|Any CPU.Build.0 = Debug|Any CPU
		{8183452C-4AE8-4684-8985-98A1BFDCCFEC}.Release|Any CPU.ActiveCfg = Release|Any CPU
		{8183452C-4AE8-4684-8985-98A1BFDCCFEC}.Release|Any CPU.Build.0 = Release|Any CPU
	EndGlobalSection
	GlobalSection(SolutionProperties) = preSolution
		HideSolutionNode = FALSE
	EndGlobalSection
	GlobalSection(ExtensibilityGlobals) = postSolution
		SolutionGuid = {36DB08DC-C81D-4B40-8F22-A481EFE7DE80}
	EndGlobalSection
EndGlobal
